
Microsoft Visual Studio Solution File, Format Version 12.00
# Visual Studio Version 17
VisualStudioVersion = 17.9.34622.214
MinimumVisualStudioVersion = 10.0.40219.1
Project("{888888A0-9F3D-457C-B088-3A5042F75D52}") = "Practica03python", "Practica03python\Practica03python.pyproj", "{62D57B01-0CFF-4D8C-A83A-DA98990DC9E2}"
EndProject
Global
	GlobalSection(SolutionConfigurationPlatforms) = preSolution
		Debug|Any CPU = Debug|Any CPU
		Release|Any CPU = Release|Any CPU
	EndGlobalSection
	GlobalSection(ProjectConfigurationPlatforms) = postSolution
		{62D57B01-0CFF-4D8C-A83A-DA98990DC9E2}.Debug|Any CPU.ActiveCfg = Debug|Any CPU
		{62D57B01-0CFF-4D8C-A83A-DA98990DC9E2}.Release|Any CPU.ActiveCfg = Release|Any CPU
	EndGlobalSection
	GlobalSection(SolutionProperties) = preSolution
		HideSolutionNode = FALSE
	EndGlobalSection
	GlobalSection(ExtensibilityGlobals) = postSolution
		SolutionGuid = {E7205456-916B-4E4D-AB82-A215F666DC87}
	EndGlobalSection
EndGlobal
